
Microsoft Visual Studio Solution File, Format Version 12.00
Project("{FAE04EC0-301F-11D3-BF4B-00C04F79EFBC}") = "CameraUtils", "CameraUtils\CameraUtils.csproj", "{A652D071-E511-4BD2-B49A-992C12385342}"
EndProject
Global
	GlobalSection(SolutionConfigurationPlatforms) = preSolution
		Debug|Any CPU = Debug|Any CPU
		Release|Any CPU = Release|Any CPU
	EndGlobalSection
	GlobalSection(ProjectConfigurationPlatforms) = postSolution
		{A652D071-E511-4BD2-B49A-992C12385342}.Debug|Any CPU.ActiveCfg = Debug|Any CPU
		{A652D071-E511-4BD2-B49A-992C12385342}.Debug|Any CPU.Build.0 = Debug|Any CPU
		{A652D071-E511-4BD2-B49A-992C12385342}.Release|Any CPU.ActiveCfg = Release|Any CPU
		{A652D071-E511-4BD2-B49A-992C12385342}.Release|Any CPU.Build.0 = Release|Any CPU
	EndGlobalSection
EndGlobal
